
Microsoft Visual Studio Solution File, Format Version 12.00
# Visual Studio Version 17
VisualStudioVersion = 17.4.33213.308
MinimumVisualStudioVersion = 10.0.40219.1
Project("{FAE04EC0-301F-11D3-BF4B-00C04F79EFBC}") = "UsoAutos", "UsoAutos.csproj", "{06E2B86F-6B17-485A-AB20-B0C423B5CF94}"
EndProject
Global
	GlobalSection(SolutionConfigurationPlatforms) = preSolution
		Debug|Any CPU = Debug|Any CPU
		Release|Any CPU = Release|Any CPU
	EndGlobalSection
	GlobalSection(ProjectConfigurationPlatforms) = postSolution
		{06E2B86F-6B17-485A-AB20-B0C423B5CF94}.Debug|Any CPU.ActiveCfg = Debug|Any CPU
		{06E2B86F-6B17-485A-AB20-B0C423B5CF94}.Debug|Any CPU.Build.0 = Debug|Any CPU
		{06E2B86F-6B17-485A-AB20-B0C423B5CF94}.Release|Any CPU.ActiveCfg = Release|Any CPU
		{06E2B86F-6B17-485A-AB20-B0C423B5CF94}.Release|Any CPU.Build.0 = Release|Any CPU
	EndGlobalSection
	GlobalSection(SolutionProperties) = preSolution
		HideSolutionNode = FALSE
	EndGlobalSection
	GlobalSection(ExtensibilityGlobals) = postSolution
		SolutionGuid = {ED160D3F-BFA9-4D94-A5AD-499865B5A7C0}
	EndGlobalSection
EndGlobal
