
Microsoft Visual Studio Solution File, Format Version 12.00
# Visual Studio Version 17
VisualStudioVersion = 17.4.33213.308
MinimumVisualStudioVersion = 10.0.40219.1
Project("{FAE04EC0-301F-11D3-BF4B-00C04F79EFBC}") = "EjerciciosSesion5", "EjerciciosSesion5.csproj", "{1D1F5481-EC8D-449A-A922-6E47121F2819}"
EndProject
Global
	GlobalSection(SolutionConfigurationPlatforms) = preSolution
		Debug|Any CPU = Debug|Any CPU
		Release|Any CPU = Release|Any CPU
	EndGlobalSection
	GlobalSection(ProjectConfigurationPlatforms) = postSolution
		{1D1F5481-EC8D-449A-A922-6E47121F2819}.Debug|Any CPU.ActiveCfg = Debug|Any CPU
		{1D1F5481-EC8D-449A-A922-6E47121F2819}.Debug|Any CPU.Build.0 = Debug|Any CPU
		{1D1F5481-EC8D-449A-A922-6E47121F2819}.Release|Any CPU.ActiveCfg = Release|Any CPU
		{1D1F5481-EC8D-449A-A922-6E47121F2819}.Release|Any CPU.Build.0 = Release|Any CPU
	EndGlobalSection
	GlobalSection(SolutionProperties) = preSolution
		HideSolutionNode = FALSE
	EndGlobalSection
	GlobalSection(ExtensibilityGlobals) = postSolution
		SolutionGuid = {F86DF5F3-2472-465E-8B8D-03619871376E}
	EndGlobalSection
EndGlobal
