
Microsoft Visual Studio Solution File, Format Version 12.00
# Visual Studio Version 17
VisualStudioVersion = 17.4.33213.308
MinimumVisualStudioVersion = 10.0.40219.1
Project("{FAE04EC0-301F-11D3-BF4B-00C04F79EFBC}") = "Ejercicio 2-3", "Ejercicio 2-3.csproj", "{80736D53-41A0-4B03-B685-C88F30A3F4A8}"
EndProject
Global
	GlobalSection(SolutionConfigurationPlatforms) = preSolution
		Debug|Any CPU = Debug|Any CPU
		Release|Any CPU = Release|Any CPU
	EndGlobalSection
	GlobalSection(ProjectConfigurationPlatforms) = postSolution
		{80736D53-41A0-4B03-B685-C88F30A3F4A8}.Debug|Any CPU.ActiveCfg = Debug|Any CPU
		{80736D53-41A0-4B03-B685-C88F30A3F4A8}.Debug|Any CPU.Build.0 = Debug|Any CPU
		{80736D53-41A0-4B03-B685-C88F30A3F4A8}.Release|Any CPU.ActiveCfg = Release|Any CPU
		{80736D53-41A0-4B03-B685-C88F30A3F4A8}.Release|Any CPU.Build.0 = Release|Any CPU
	EndGlobalSection
	GlobalSection(SolutionProperties) = preSolution
		HideSolutionNode = FALSE
	EndGlobalSection
	GlobalSection(ExtensibilityGlobals) = postSolution
		SolutionGuid = {4C33B1FC-DA77-41DE-917C-C24521645A3A}
	EndGlobalSection
EndGlobal
