
Microsoft Visual Studio Solution File, Format Version 12.00
# Visual Studio Version 17
VisualStudioVersion = 17.4.33213.308
MinimumVisualStudioVersion = 10.0.40219.1
Project("{FAE04EC0-301F-11D3-BF4B-00C04F79EFBC}") = "PrimeraAplicacion", "PrimeraAplicacion.csproj", "{021ABB2E-2EC7-40B4-B50E-0BD5729BD3AA}"
EndProject
Global
	GlobalSection(SolutionConfigurationPlatforms) = preSolution
		Debug|Any CPU = Debug|Any CPU
		Release|Any CPU = Release|Any CPU
	EndGlobalSection
	GlobalSection(ProjectConfigurationPlatforms) = postSolution
		{021ABB2E-2EC7-40B4-B50E-0BD5729BD3AA}.Debug|Any CPU.ActiveCfg = Debug|Any CPU
		{021ABB2E-2EC7-40B4-B50E-0BD5729BD3AA}.Debug|Any CPU.Build.0 = Debug|Any CPU
		{021ABB2E-2EC7-40B4-B50E-0BD5729BD3AA}.Release|Any CPU.ActiveCfg = Release|Any CPU
		{021ABB2E-2EC7-40B4-B50E-0BD5729BD3AA}.Release|Any CPU.Build.0 = Release|Any CPU
	EndGlobalSection
	GlobalSection(SolutionProperties) = preSolution
		HideSolutionNode = FALSE
	EndGlobalSection
	GlobalSection(ExtensibilityGlobals) = postSolution
		SolutionGuid = {C4DD5278-6F7D-4748-92B4-471AD68BEA86}
	EndGlobalSection
EndGlobal
